{
  "requires": true,
  "lockfileVersion": 1,
  "dependencies": {
    "async-validator": {
      "version": "3.2.3",
      "resolved": "https://registry.npm.taobao.org/async-validator/download/async-validator-3.2.3.tgz?cache=0&sync_timestamp=1575620555389&other_urls=https%3A%2F%2Fregistry.npm.taobao.org%2Fasync-validator%2Fdownload%2Fasync-validator-3.2.3.tgz",
      "integrity": "sha1-s4ty+cCMHShUjfE7smC2kIRIykk="
    }
  }
}
